
Microsoft Visual Studio Solution File, Format Version 12.00
# Visual Studio Version 16
VisualStudioVersion = 16.0.31702.278
MinimumVisualStudioVersion = 10.0.40219.1
Project("{FAE04EC0-301F-11D3-BF4B-00C04F79EFBC}") = "ExamenU6", "ExamenU6.csproj", "{4AF3F95F-8FE9-4B36-A4F5-B4934C017C87}"
EndProject
Global
	GlobalSection(SolutionConfigurationPlatforms) = preSolution
		Debug|Any CPU = Debug|Any CPU
		Release|Any CPU = Release|Any CPU
	EndGlobalSection
	GlobalSection(ProjectConfigurationPlatforms) = postSolution
		{4AF3F95F-8FE9-4B36-A4F5-B4934C017C87}.Debug|Any CPU.ActiveCfg = Debug|Any CPU
		{4AF3F95F-8FE9-4B36-A4F5-B4934C017C87}.Debug|Any CPU.Build.0 = Debug|Any CPU
		{4AF3F95F-8FE9-4B36-A4F5-B4934C017C87}.Release|Any CPU.ActiveCfg = Release|Any CPU
		{4AF3F95F-8FE9-4B36-A4F5-B4934C017C87}.Release|Any CPU.Build.0 = Release|Any CPU
	EndGlobalSection
	GlobalSection(SolutionProperties) = preSolution
		HideSolutionNode = FALSE
	EndGlobalSection
	GlobalSection(ExtensibilityGlobals) = postSolution
		SolutionGuid = {F385B062-30A4-4C1D-B9C8-FE1A4FE41326}
	EndGlobalSection
EndGlobal
